<Solution>
  <Folder Name="/src/">
    <Project Path="src/WookText.Core/WookText.Core.csproj" />
    <Project Path="src/WookText.App/WookText.App.csproj" />
  </Folder>
  <Folder Name="/tests/">
    <Project Path="tests/WookText.Core.Tests/WookText.Core.Tests.csproj" />
    <Project Path="tests/WookText.App.SmokeTests/WookText.App.SmokeTests.csproj" />
  </Folder>
</Solution>
